
Microsoft Visual Studio Solution File, Format Version 12.00
# Visual Studio Version 17
VisualStudioVersion = 17.4.33213.308
MinimumVisualStudioVersion = 10.0.40219.1
Project("{FAE04EC0-301F-11D3-BF4B-00C04F79EFBC}") = "Aula 4 Leitura", "Aula 4 Leitura\Aula 4 Leitura.csproj", "{6330F496-09BD-4050-929D-110149E24054}"
EndProject
Global
	GlobalSection(SolutionConfigurationPlatforms) = preSolution
		Debug|Any CPU = Debug|Any CPU
		Release|Any CPU = Release|Any CPU
	EndGlobalSection
	GlobalSection(ProjectConfigurationPlatforms) = postSolution
		{6330F496-09BD-4050-929D-110149E24054}.Debug|Any CPU.ActiveCfg = Debug|Any CPU
		{6330F496-09BD-4050-929D-110149E24054}.Debug|Any CPU.Build.0 = Debug|Any CPU
		{6330F496-09BD-4050-929D-110149E24054}.Release|Any CPU.ActiveCfg = Release|Any CPU
		{6330F496-09BD-4050-929D-110149E24054}.Release|Any CPU.Build.0 = Release|Any CPU
	EndGlobalSection
	GlobalSection(SolutionProperties) = preSolution
		HideSolutionNode = FALSE
	EndGlobalSection
	GlobalSection(ExtensibilityGlobals) = postSolution
		SolutionGuid = {270E5376-9BB1-4E6F-879C-F9FCF220F0F4}
	EndGlobalSection
EndGlobal
